
Microsoft Visual Studio Solution File, Format Version 12.00
# Visual Studio Version 17
VisualStudioVersion = 17.0.32014.148
MinimumVisualStudioVersion = 10.0.40219.1
Project("{FAE04EC0-301F-11D3-BF4B-00C04F79EFBC}") = "Console", "Console\Console.csproj", "{1384A2FE-F0C1-44CE-86ED-227CEB6FF118}"
EndProject
Global
	GlobalSection(SolutionConfigurationPlatforms) = preSolution
		Debug|Any CPU = Debug|Any CPU
		Release|Any CPU = Release|Any CPU
	EndGlobalSection
	GlobalSection(ProjectConfigurationPlatforms) = postSolution
		{1384A2FE-F0C1-44CE-86ED-227CEB6FF118}.Debug|Any CPU.ActiveCfg = Debug|Any CPU
		{1384A2FE-F0C1-44CE-86ED-227CEB6FF118}.Debug|Any CPU.Build.0 = Debug|Any CPU
		{1384A2FE-F0C1-44CE-86ED-227CEB6FF118}.Release|Any CPU.ActiveCfg = Release|Any CPU
		{1384A2FE-F0C1-44CE-86ED-227CEB6FF118}.Release|Any CPU.Build.0 = Release|Any CPU
	EndGlobalSection
	GlobalSection(SolutionProperties) = preSolution
		HideSolutionNode = FALSE
	EndGlobalSection
	GlobalSection(ExtensibilityGlobals) = postSolution
		SolutionGuid = {8244AB4A-F049-48E6-8DF5-9A9A4A891EE6}
	EndGlobalSection
EndGlobal
